
Microsoft Visual Studio Solution File, Format Version 12.00
# Visual Studio Version 17
VisualStudioVersion = 17.0.31903.59
MinimumVisualStudioVersion = 10.0.40219.1
Project("{2150E333-8FDC-42A3-9474-1A3956D46DE8}") = "server", "server", "{DAD03CFC-D5FA-AC94-41C7-9ABAB326F09E}"
EndProject
Project("{FAE04EC0-301F-11D3-BF4B-00C04F79EFBC}") = "api", "server\api\api.csproj", "{D9B22B26-52DF-493F-82B4-B5D300C38EE1}"
EndProject
Project("{FAE04EC0-301F-11D3-BF4B-00C04F79EFBC}") = "dataAccess", "server\dataAccess\dataAccess.csproj", "{C5459E06-0601-4989-87F8-404441AFDCBC}"
EndProject
Project("{FAE04EC0-301F-11D3-BF4B-00C04F79EFBC}") = "tests", "server\tests\tests.csproj", "{129588FD-C500-4582-B0D5-B393DD0688BA}"
EndProject
Global
	GlobalSection(SolutionConfigurationPlatforms) = preSolution
		Debug|Any CPU = Debug|Any CPU
		Debug|x64 = Debug|x64
		Debug|x86 = Debug|x86
		Release|Any CPU = Release|Any CPU
		Release|x64 = Release|x64
		Release|x86 = Release|x86
	EndGlobalSection
	GlobalSection(ProjectConfigurationPlatforms) = postSolution
		{D9B22B26-52DF-493F-82B4-B5D300C38EE1}.Debug|Any CPU.ActiveCfg = Debug|Any CPU
		{D9B22B26-52DF-493F-82B4-B5D300C38EE1}.Debug|Any CPU.Build.0 = Debug|Any CPU
		{D9B22B26-52DF-493F-82B4-B5D300C38EE1}.Debug|x64.ActiveCfg = Debug|Any CPU
		{D9B22B26-52DF-493F-82B4-B5D300C38EE1}.Debug|x64.Build.0 = Debug|Any CPU
		{D9B22B26-52DF-493F-82B4-B5D300C38EE1}.Debug|x86.ActiveCfg = Debug|Any CPU
		{D9B22B26-52DF-493F-82B4-B5D300C38EE1}.Debug|x86.Build.0 = Debug|Any CPU
		{D9B22B26-52DF-493F-82B4-B5D300C38EE1}.Release|Any CPU.ActiveCfg = Release|Any CPU
		{D9B22B26-52DF-493F-82B4-B5D300C38EE1}.Release|Any CPU.Build.0 = Release|Any CPU
		{D9B22B26-52DF-493F-82B4-B5D300C38EE1}.Release|x64.ActiveCfg = Release|Any CPU
		{D9B22B26-52DF-493F-82B4-B5D300C38EE1}.Release|x64.Build.0 = Release|Any CPU
		{D9B22B26-52DF-493F-82B4-B5D300C38EE1}.Release|x86.ActiveCfg = Release|Any CPU
		{D9B22B26-52DF-493F-82B4-B5D300C38EE1}.Release|x86.Build.0 = Release|Any CPU
		{C5459E06-0601-4989-87F8-404441AFDCBC}.Debug|Any CPU.ActiveCfg = Debug|Any CPU
		{C5459E06-0601-4989-87F8-404441AFDCBC}.Debug|Any CPU.Build.0 = Debug|Any CPU
		{C5459E06-0601-4989-87F8-404441AFDCBC}.Debug|x64.ActiveCfg = Debug|Any CPU
		{C5459E06-0601-4989-87F8-404441AFDCBC}.Debug|x64.Build.0 = Debug|Any CPU
		{C5459E06-0601-4989-87F8-404441AFDCBC}.Debug|x86.ActiveCfg = Debug|Any CPU
		{C5459E06-0601-4989-87F8-404441AFDCBC}.Debug|x86.Build.0 = Debug|Any CPU
		{C5459E06-0601-4989-87F8-404441AFDCBC}.Release|Any CPU.ActiveCfg = Release|Any CPU
		{C5459E06-0601-4989-87F8-404441AFDCBC}.Release|Any CPU.Build.0 = Release|Any CPU
		{C5459E06-0601-4989-87F8-404441AFDCBC}.Release|x64.ActiveCfg = Release|Any CPU
		{C5459E06-0601-4989-87F8-404441AFDCBC}.Release|x64.Build.0 = Release|Any CPU
		{C5459E06-0601-4989-87F8-404441AFDCBC}.Release|x86.ActiveCfg = Release|Any CPU
		{C5459E06-0601-4989-87F8-404441AFDCBC}.Release|x86.Build.0 = Release|Any CPU
		{129588FD-C500-4582-B0D5-B393DD0688BA}.Debug|Any CPU.ActiveCfg = Debug|Any CPU
		{129588FD-C500-4582-B0D5-B393DD0688BA}.Debug|Any CPU.Build.0 = Debug|Any CPU
		{129588FD-C500-4582-B0D5-B393DD0688BA}.Debug|x64.ActiveCfg = Debug|Any CPU
		{129588FD-C500-4582-B0D5-B393DD0688BA}.Debug|x64.Build.0 = Debug|Any CPU
		{129588FD-C500-4582-B0D5-B393DD0688BA}.Debug|x86.ActiveCfg = Debug|Any CPU
		{129588FD-C500-4582-B0D5-B393DD0688BA}.Debug|x86.Build.0 = Debug|Any CPU
		{129588FD-C500-4582-B0D5-B393DD0688BA}.Release|Any CPU.ActiveCfg = Release|Any CPU
		{129588FD-C500-4582-B0D5-B393DD0688BA}.Release|Any CPU.Build.0 = Release|Any CPU
		{129588FD-C500-4582-B0D5-B393DD0688BA}.Release|x64.ActiveCfg = Release|Any CPU
		{129588FD-C500-4582-B0D5-B393DD0688BA}.Release|x64.Build.0 = Release|Any CPU
		{129588FD-C500-4582-B0D5-B393DD0688BA}.Release|x86.ActiveCfg = Release|Any CPU
		{129588FD-C500-4582-B0D5-B393DD0688BA}.Release|x86.Build.0 = Release|Any CPU
	EndGlobalSection
	GlobalSection(SolutionProperties) = preSolution
		HideSolutionNode = FALSE
	EndGlobalSection
	GlobalSection(NestedProjects) = preSolution
		{D9B22B26-52DF-493F-82B4-B5D300C38EE1} = {DAD03CFC-D5FA-AC94-41C7-9ABAB326F09E}
		{C5459E06-0601-4989-87F8-404441AFDCBC} = {DAD03CFC-D5FA-AC94-41C7-9ABAB326F09E}
		{129588FD-C500-4582-B0D5-B393DD0688BA} = {DAD03CFC-D5FA-AC94-41C7-9ABAB326F09E}
	EndGlobalSection
EndGlobal
